{
  "name": "synth",
  "version": "1.0.0",
  "lockfileVersion": 2,
  "requires": true,
  "packages": {
    "": {
      "name": "synth",
      "version": "1.0.0",
      "license": "ISC",
      "dependencies": {
        "@jasonfleischer/log": "^1.0.8",
        "@jasonfleischer/piano": "^1.0.4"
      }
    },
    "node_modules/@jasonfleischer/log": {
      "version": "1.0.8",
      "resolved": "https://registry.npmjs.org/@jasonfleischer/log/-/log-1.0.8.tgz",
      "integrity": "sha512-P+CKYOlwVISgn0GMHBW7udf1spZ5Ins6YBDJO/Lu6LdEZj2WPawyv6t3SudstjNimHX6yKav+RLsc88pSVzehQ==",
      "funding": {
        "type": "individual",
        "url": "https://ko-fi.com/jasonfleischer"
      }
    },
    "node_modules/@jasonfleischer/music-model-kit": {
      "version": "1.0.10",
      "resolved": "https://registry.npmjs.org/@jasonfleischer/music-model-kit/-/music-model-kit-1.0.10.tgz",
      "integrity": "sha512-IZwC8sTvMMhC4Pq7370f7Ke0L63iG23jqWEKEvdnnoUVBlf4hKI3GVTmCirVIWJS5hxSgSDnwbsY27ZuEhDxOQ=="
    },
    "node_modules/@jasonfleischer/piano": {
      "version": "1.0.9",
      "resolved": "https://registry.npmjs.org/@jasonfleischer/piano/-/piano-1.0.9.tgz",
      "integrity": "sha512-F1dHsgR+AvQ/AjdafhaTVL6LPqmlnx2ADa4hH9kYT+GB6KCTtFxZ7On1DzGa6M9ZNI9F/KenPPzsuejpuebRvA==",
      "dependencies": {
        "@jasonfleischer/log": "^1.0.1",
        "@jasonfleischer/music-model-kit": "^1.0.1"
      },
      "funding": {
        "type": "individual",
        "url": "https://ko-fi.com/jasonfleischer"
      }
    }
  },
  "dependencies": {
    "@jasonfleischer/log": {
      "version": "1.0.8",
      "resolved": "https://registry.npmjs.org/@jasonfleischer/log/-/log-1.0.8.tgz",
      "integrity": "sha512-P+CKYOlwVISgn0GMHBW7udf1spZ5Ins6YBDJO/Lu6LdEZj2WPawyv6t3SudstjNimHX6yKav+RLsc88pSVzehQ=="
    },
    "@jasonfleischer/music-model-kit": {
      "version": "1.0.10",
      "resolved": "https://registry.npmjs.org/@jasonfleischer/music-model-kit/-/music-model-kit-1.0.10.tgz",
      "integrity": "sha512-IZwC8sTvMMhC4Pq7370f7Ke0L63iG23jqWEKEvdnnoUVBlf4hKI3GVTmCirVIWJS5hxSgSDnwbsY27ZuEhDxOQ=="
    },
    "@jasonfleischer/piano": {
      "version": "1.0.9",
      "resolved": "https://registry.npmjs.org/@jasonfleischer/piano/-/piano-1.0.9.tgz",
      "integrity": "sha512-F1dHsgR+AvQ/AjdafhaTVL6LPqmlnx2ADa4hH9kYT+GB6KCTtFxZ7On1DzGa6M9ZNI9F/KenPPzsuejpuebRvA==",
      "requires": {
        "@jasonfleischer/log": "^1.0.1",
        "@jasonfleischer/music-model-kit": "^1.0.1"
      }
    }
  }
}
